
Microsoft Visual Studio Solution File, Format Version 12.00
# Visual Studio Version 17
VisualStudioVersion = 17.0.32112.339
MinimumVisualStudioVersion = 10.0.40219.1
Project("{FAE04EC0-301F-11D3-BF4B-00C04F79EFBC}") = "progEstrutTesteConsoleApp", "progEstrutTesteConsoleApp\progEstrutTesteConsoleApp.csproj", "{E458066C-A20B-4D8A-A61D-670AF237F29E}"
EndProject
Global
	GlobalSection(SolutionConfigurationPlatforms) = preSolution
		Debug|Any CPU = Debug|Any CPU
		Release|Any CPU = Release|Any CPU
	EndGlobalSection
	GlobalSection(ProjectConfigurationPlatforms) = postSolution
		{E458066C-A20B-4D8A-A61D-670AF237F29E}.Debug|Any CPU.ActiveCfg = Debug|Any CPU
		{E458066C-A20B-4D8A-A61D-670AF237F29E}.Debug|Any CPU.Build.0 = Debug|Any CPU
		{E458066C-A20B-4D8A-A61D-670AF237F29E}.Release|Any CPU.ActiveCfg = Release|Any CPU
		{E458066C-A20B-4D8A-A61D-670AF237F29E}.Release|Any CPU.Build.0 = Release|Any CPU
	EndGlobalSection
	GlobalSection(SolutionProperties) = preSolution
		HideSolutionNode = FALSE
	EndGlobalSection
	GlobalSection(ExtensibilityGlobals) = postSolution
		SolutionGuid = {51C8803A-8F1A-4070-8D79-EF856A595A00}
	EndGlobalSection
EndGlobal
